
Microsoft Visual Studio Solution File, Format Version 12.00
# Visual Studio Version 17
VisualStudioVersion = 17.11.35327.3
MinimumVisualStudioVersion = 10.0.40219.1
Project("{FAE04EC0-301F-11D3-BF4B-00C04F79EFBC}") = "DynamicList", "DynamicList\DynamicList.csproj", "{40819288-7567-4468-9716-AC6CAE5FB11F}"
EndProject
Project("{FAE04EC0-301F-11D3-BF4B-00C04F79EFBC}") = "DoubleLinkedList", "DoubleLinkedList\DoubleLinkedList.csproj", "{65F9FADB-6826-4EDE-AD0C-785CBF6D7E52}"
EndProject
Global
	GlobalSection(SolutionConfigurationPlatforms) = preSolution
		Debug|Any CPU = Debug|Any CPU
		Release|Any CPU = Release|Any CPU
	EndGlobalSection
	GlobalSection(ProjectConfigurationPlatforms) = postSolution
		{40819288-7567-4468-9716-AC6CAE5FB11F}.Debug|Any CPU.ActiveCfg = Debug|Any CPU
		{40819288-7567-4468-9716-AC6CAE5FB11F}.Debug|Any CPU.Build.0 = Debug|Any CPU
		{40819288-7567-4468-9716-AC6CAE5FB11F}.Release|Any CPU.ActiveCfg = Release|Any CPU
		{40819288-7567-4468-9716-AC6CAE5FB11F}.Release|Any CPU.Build.0 = Release|Any CPU
		{65F9FADB-6826-4EDE-AD0C-785CBF6D7E52}.Debug|Any CPU.ActiveCfg = Debug|Any CPU
		{65F9FADB-6826-4EDE-AD0C-785CBF6D7E52}.Debug|Any CPU.Build.0 = Debug|Any CPU
		{65F9FADB-6826-4EDE-AD0C-785CBF6D7E52}.Release|Any CPU.ActiveCfg = Release|Any CPU
		{65F9FADB-6826-4EDE-AD0C-785CBF6D7E52}.Release|Any CPU.Build.0 = Release|Any CPU
	EndGlobalSection
	GlobalSection(SolutionProperties) = preSolution
		HideSolutionNode = FALSE
	EndGlobalSection
	GlobalSection(ExtensibilityGlobals) = postSolution
		SolutionGuid = {C87F6E27-9D7E-4EAF-9ED5-5F23F91368AF}
	EndGlobalSection
EndGlobal
